
Microsoft Visual Studio Solution File, Format Version 12.00
# Visual Studio Version 17
VisualStudioVersion = 17.5.33318.248
MinimumVisualStudioVersion = 10.0.40219.1
Project("{9A19103F-16F7-4668-BE54-9A1E7A4F7556}") = "Phonograph", "Phonograph\Phonograph.csproj", "{9FE58E82-EBD9-4BD1-99A2-4523B023573C}"
EndProject
Global
	GlobalSection(SolutionConfigurationPlatforms) = preSolution
		Debug|Any CPU = Debug|Any CPU
		Release|Any CPU = Release|Any CPU
	EndGlobalSection
	GlobalSection(ProjectConfigurationPlatforms) = postSolution
		{9FE58E82-EBD9-4BD1-99A2-4523B023573C}.Debug|Any CPU.ActiveCfg = Debug|Any CPU
		{9FE58E82-EBD9-4BD1-99A2-4523B023573C}.Debug|Any CPU.Build.0 = Debug|Any CPU
		{9FE58E82-EBD9-4BD1-99A2-4523B023573C}.Release|Any CPU.ActiveCfg = Release|Any CPU
		{9FE58E82-EBD9-4BD1-99A2-4523B023573C}.Release|Any CPU.Build.0 = Release|Any CPU
	EndGlobalSection
	GlobalSection(SolutionProperties) = preSolution
		HideSolutionNode = FALSE
	EndGlobalSection
	GlobalSection(ExtensibilityGlobals) = postSolution
		SolutionGuid = {55858B30-144C-49AD-82B2-16E46E982862}
	EndGlobalSection
EndGlobal
